
Microsoft Visual Studio Solution File, Format Version 12.00
# Visual Studio Version 16
VisualStudioVersion = 16.0.29324.140
MinimumVisualStudioVersion = 10.0.40219.1
Project("{9A19103F-16F7-4668-BE54-9A1E7A4F7556}") = "WeatherRoutingBackend", "WeatherRoutingBackend\WeatherRoutingBackend.csproj", "{2097917B-B9EA-4D03-83EF-15E85AA6370C}"
EndProject
Project("{FAE04EC0-301F-11D3-BF4B-00C04F79EFBC}") = "XUnitBackendTestingExample", "XUnitBackendTestingExample\XUnitBackendTestingExample.csproj", "{A0742C93-B6FD-4192-9877-630C4155A4FF}"
EndProject
Global
	GlobalSection(SolutionConfigurationPlatforms) = preSolution
		Debug|Any CPU = Debug|Any CPU
		Release|Any CPU = Release|Any CPU
	EndGlobalSection
	GlobalSection(ProjectConfigurationPlatforms) = postSolution
		{2097917B-B9EA-4D03-83EF-15E85AA6370C}.Debug|Any CPU.ActiveCfg = Debug|Any CPU
		{2097917B-B9EA-4D03-83EF-15E85AA6370C}.Debug|Any CPU.Build.0 = Debug|Any CPU
		{2097917B-B9EA-4D03-83EF-15E85AA6370C}.Release|Any CPU.ActiveCfg = Release|Any CPU
		{2097917B-B9EA-4D03-83EF-15E85AA6370C}.Release|Any CPU.Build.0 = Release|Any CPU
		{A0742C93-B6FD-4192-9877-630C4155A4FF}.Debug|Any CPU.ActiveCfg = Debug|Any CPU
		{A0742C93-B6FD-4192-9877-630C4155A4FF}.Debug|Any CPU.Build.0 = Debug|Any CPU
		{A0742C93-B6FD-4192-9877-630C4155A4FF}.Release|Any CPU.ActiveCfg = Release|Any CPU
		{A0742C93-B6FD-4192-9877-630C4155A4FF}.Release|Any CPU.Build.0 = Release|Any CPU
	EndGlobalSection
	GlobalSection(SolutionProperties) = preSolution
		HideSolutionNode = FALSE
	EndGlobalSection
	GlobalSection(ExtensibilityGlobals) = postSolution
		SolutionGuid = {76AD0FC1-30AB-42F7-A64E-2F4AB25B6C50}
	EndGlobalSection
EndGlobal
